{
  "name": "@dart2ts.packages/logging",
  "version": "1.0.1",
  "lockfileVersion": 1,
  "requires": true,
  "dependencies": {
    "@dart2ts/dart": {
      "version": "0.1.6",
      "resolved": "http://localhost:4873/@dart2ts%2fdart/-/dart-0.1.6.tgz",
      "integrity": "sha512-WhU0r/oqhUtkjdugLhqod1fIsVyMmorRYjszfssS/InVDLnL0qRFQI4hPMV+Y5GDOceOvGT4U8LU4u6yN4ExSw=="
    },
    "reflect-metadata": {
      "version": "0.1.12",
      "resolved": "https://registry.npmjs.org/reflect-metadata/-/reflect-metadata-0.1.12.tgz",
      "integrity": "sha512-n+IyV+nGz3+0q3/Yf1ra12KpCyi001bi4XFxSjbiWWjfqb52iTTtpGXmCCAOWWIAn9KEuFZKGqBERHmrtScZ3A=="
    },
    "typescript": {
      "version": "3.1.1",
      "resolved": "https://registry.npmjs.org/typescript/-/typescript-3.1.1.tgz",
      "integrity": "sha512-Veu0w4dTc/9wlWNf2jeRInNodKlcdLgemvPsrNpfu5Pq39sgfFjvIIgTsvUHCoLBnMhPoUA+tFxsXjU6VexVRQ==",
      "dev": true
    }
  }
}
